{
  "version": 4,
  "terraform_version": "1.3.6",
  "serial": 265,
  "lineage": "9b558a6c-5f69-24d4-7c8c-9cc2a7f1be41",
  "outputs": {
    "elasticsearch_ip_addr": {
      "value": "54.145.169.190:9200",
      "type": "string"
    },
    "kibana_ip_addr": {
      "value": "54.145.241.232:5601",
      "type": "string"
    }
  },
  "resources": [
    {
      "mode": "data",
      "type": "template_file",
      "name": "init_elasticsearch",
      "provider": "provider[\"registry.terraform.io/hashicorp/template\"]",
      "instances": [
        {
          "index_key": 0,
          "schema_version": 0,
          "attributes": {
            "filename": null,
            "id": "15d8216ec82006d4e58d09aebc65b71a2500aa4d72fec5a6964740a768cc29db",
            "rendered": "# ======================== Elasticsearch Configuration =========================\n#\n# NOTE: Elasticsearch comes with reasonable defaults for most settings.\n#       Before you set out to tweak and tune the configuration, make sure you\n#       understand what are you trying to accomplish and the consequences.\n#\n# The primary way of configuring a node is via this file. This template lists\n# the most important settings you may want to configure for a production cluster.\n#\n# Please consult the documentation for further information on configuration options:\n# https://www.elastic.co/guide/en/elasticsearch/reference/index.html\n#\n# ---------------------------------- Cluster -----------------------------------\n#\n# Use a descriptive name for your cluster:\n#\ncluster.name: cluster1\n#\n# ------------------------------------ Node ------------------------------------\n#\n# Use a descriptive name for the node:\n#\nnode.name: node_0\n#\n# Add custom attributes to the node:\n#\n#node.attr.rack: r1\n#\n# ----------------------------------- Paths ------------------------------------\n#\n# Path to directory where to store the data (separate multiple locations by comma):\n#\npath.data: /var/lib/elasticsearch\n#\n# Path to log files:\n#\npath.logs: /var/log/elasticsearch\n#\n# ----------------------------------- Memory -----------------------------------\n#\n# Lock the memory on startup:\n#\n#bootstrap.memory_lock: true\n#\n# Make sure that the heap size is set to about half the memory available\n# on the system and that the owner of the process is allowed to use this\n# limit.\n#\n# Elasticsearch performs poorly when the system is swapping the memory.\n#\n# ---------------------------------- Network -----------------------------------\n#\n# Set the bind address to a specific IP (IPv4 or IPv6):\n#\nnetwork.host: 0.0.0.0 #172.20.10.240\n#\n# Set a custom port for HTTP:\n#\nhttp.port: 9200\n#\n# For more information, consult the network module documentation.\n#\n# --------------------------------- Discovery ----------------------------------\n#\n# Pass an initial list of hosts to perform discovery when this node is started:\n# The default list of hosts is [\"127.0.0.1\", \"[::1]\"]\n#\ndiscovery.seed_hosts: [\"172.20.10.240\"]\n#\n# Bootstrap the cluster using an initial set of master-eligible nodes:\n#\ncluster.initial_master_nodes: [\"172.20.10.240\"]\n#\n# For more information, consult the discovery and cluster formation module documentation.\n#\n# ---------------------------------- Gateway -----------------------------------\n#\n# Block initial recovery after a full cluster restart until N nodes are started:\n#\n#gateway.recover_after_nodes: 3\n#\n# For more information, consult the gateway module documentation.\n#\n# ---------------------------------- Various -----------------------------------\n#\n# Require explicit names when deleting indices:\n#\n#action.destructive_requires_name: true",
            "template": "# ======================== Elasticsearch Configuration =========================\n#\n# NOTE: Elasticsearch comes with reasonable defaults for most settings.\n#       Before you set out to tweak and tune the configuration, make sure you\n#       understand what are you trying to accomplish and the consequences.\n#\n# The primary way of configuring a node is via this file. This template lists\n# the most important settings you may want to configure for a production cluster.\n#\n# Please consult the documentation for further information on configuration options:\n# https://www.elastic.co/guide/en/elasticsearch/reference/index.html\n#\n# ---------------------------------- Cluster -----------------------------------\n#\n# Use a descriptive name for your cluster:\n#\ncluster.name: ${cluster_name}\n#\n# ------------------------------------ Node ------------------------------------\n#\n# Use a descriptive name for the node:\n#\nnode.name: ${node_name}\n#\n# Add custom attributes to the node:\n#\n#node.attr.rack: r1\n#\n# ----------------------------------- Paths ------------------------------------\n#\n# Path to directory where to store the data (separate multiple locations by comma):\n#\npath.data: /var/lib/elasticsearch\n#\n# Path to log files:\n#\npath.logs: /var/log/elasticsearch\n#\n# ----------------------------------- Memory -----------------------------------\n#\n# Lock the memory on startup:\n#\n#bootstrap.memory_lock: true\n#\n# Make sure that the heap size is set to about half the memory available\n# on the system and that the owner of the process is allowed to use this\n# limit.\n#\n# Elasticsearch performs poorly when the system is swapping the memory.\n#\n# ---------------------------------- Network -----------------------------------\n#\n# Set the bind address to a specific IP (IPv4 or IPv6):\n#\nnetwork.host: 0.0.0.0 #${node}\n#\n# Set a custom port for HTTP:\n#\nhttp.port: 9200\n#\n# For more information, consult the network module documentation.\n#\n# --------------------------------- Discovery ----------------------------------\n#\n# Pass an initial list of hosts to perform discovery when this node is started:\n# The default list of hosts is [\"127.0.0.1\", \"[::1]\"]\n#\ndiscovery.seed_hosts: [\"${node1}\"]\n#\n# Bootstrap the cluster using an initial set of master-eligible nodes:\n#\ncluster.initial_master_nodes: [\"${node1}\"]\n#\n# For more information, consult the discovery and cluster formation module documentation.\n#\n# ---------------------------------- Gateway -----------------------------------\n#\n# Block initial recovery after a full cluster restart until N nodes are started:\n#\n#gateway.recover_after_nodes: 3\n#\n# For more information, consult the gateway module documentation.\n#\n# ---------------------------------- Various -----------------------------------\n#\n# Require explicit names when deleting indices:\n#\n#action.destructive_requires_name: true",
            "vars": {
              "cluster_name": "cluster1",
              "node": "172.20.10.240",
              "node1": "172.20.10.240",
              "node_name": "node_0"
            }
          },
          "sensitive_attributes": []
        }
      ]
    },
    {
      "mode": "data",
      "type": "template_file",
      "name": "init_kibana",
      "provider": "provider[\"registry.terraform.io/hashicorp/template\"]",
      "instances": [
        {
          "schema_version": 0,
          "attributes": {
            "filename": null,
            "id": "7e79e6f5c82d760f26de08185188da5452e775d2b872fa2eee815d31460dcdeb",
            "rendered": "# Kibana is served by a back end server. This setting specifies the port to use.\nserver.port: 5601\n\n# Specifies the address to which the Kibana server will bind. IP addresses and host names are both valid values.\n# The default is 'localhost', which usually means remote machines will not be able to connect.\n# To allow connections from remote users, set this parameter to a non-loopback address.\nserver.host: \"0.0.0.0\"\n\n# Enables you to specify a path to mount Kibana at if you are running behind a proxy.\n# Use the `server.rewriteBasePath` setting to tell Kibana if it should remove the basePath\n# from requests it receives, and to prevent a deprecation warning at startup.\n# This setting cannot end in a slash.\n#server.basePath: \"\"\n\n# Specifies whether Kibana should rewrite requests that are prefixed with\n# `server.basePath` or require that they are rewritten by your reverse proxy.\n# This setting was effectively always `false` before Kibana 6.3 and will\n# default to `true` starting in Kibana 7.0.\n#server.rewriteBasePath: false\n\n# The maximum payload size in bytes for incoming server requests.\n#server.maxPayloadBytes: 1048576\n\n# The Kibana server's name.  This is used for display purposes.\nserver.name: \"kibana\"\n\n# The URLs of the Elasticsearch instances to use for all your queries.\nelasticsearch.hosts: [\"http://54.145.169.190:9200\"]\n\n# When this setting's value is true Kibana uses the hostname specified in the server.host\n# setting. When the value of this setting is false, Kibana uses the hostname of the host\n# that connects to this Kibana instance.\n#elasticsearch.preserveHost: true\n\n# Kibana uses an index in Elasticsearch to store saved searches, visualizations and\n# dashboards. Kibana creates a new index if the index doesn't already exist.\n#kibana.index: \".kibana\"\n\n# The default application to load.\n#kibana.defaultAppId: \"home\"\n\n# If your Elasticsearch is protected with basic authentication, these settings provide\n# the username and password that the Kibana server uses to perform maintenance on the Kibana\n# index at startup. Your Kibana users still need to authenticate with Elasticsearch, which\n# is proxied through the Kibana server.\n#elasticsearch.username: \"kibana\"\n#elasticsearch.password: \"pass\"\n\n# Enables SSL and paths to the PEM-format SSL certificate and SSL key files, respectively.\n# These settings enable SSL for outgoing requests from the Kibana server to the browser.\n#server.ssl.enabled: false\n#server.ssl.certificate: /path/to/your/server.crt\n#server.ssl.key: /path/to/your/server.key\n\n# Optional settings that provide the paths to the PEM-format SSL certificate and key files.\n# These files validate that your Elasticsearch backend uses the same key files.\n#elasticsearch.ssl.certificate: /path/to/your/client.crt\n#elasticsearch.ssl.key: /path/to/your/client.key\n\n# Optional setting that enables you to specify a path to the PEM file for the certificate\n# authority for your Elasticsearch instance.\n#elasticsearch.ssl.certificateAuthorities: [ \"/path/to/your/CA.pem\" ]\n\n# To disregard the validity of SSL certificates, change this setting's value to 'none'.\n#elasticsearch.ssl.verificationMode: full\n\n# Time in milliseconds to wait for Elasticsearch to respond to pings. Defaults to the value of\n# the elasticsearch.requestTimeout setting.\n#elasticsearch.pingTimeout: 1500\n\n# Time in milliseconds to wait for responses from the back end or Elasticsearch. This value\n# must be a positive integer.\n#elasticsearch.requestTimeout: 30000\n\n# List of Kibana client-side headers to send to Elasticsearch. To send *no* client-side\n# headers, set this value to [] (an empty list).\n#elasticsearch.requestHeadersWhitelist: [ authorization ]\n\n# Header names and values that are sent to Elasticsearch. Any custom headers cannot be overwritten\n# by client-side headers, regardless of the elasticsearch.requestHeadersWhitelist configuration.\n#elasticsearch.customHeaders: {}\n\n# Time in milliseconds for Elasticsearch to wait for responses from shards. Set to 0 to disable.\n#elasticsearch.shardTimeout: 30000\n\n# Time in milliseconds to wait for Elasticsearch at Kibana startup before retrying.\n#elasticsearch.startupTimeout: 5000\n\n# Logs queries sent to Elasticsearch. Requires logging.verbose set to true.\n#elasticsearch.logQueries: false\n\n# Specifies the path where Kibana creates the process ID file.\n#pid.file: /var/run/kibana.pid\n\n# Enables you specify a file where Kibana stores log output.\n#logging.dest: stdout\n\n# Set the value of this setting to true to suppress all logging output.\n#logging.silent: false\n\n# Set the value of this setting to true to suppress all logging output other than error messages.\n#logging.quiet: false\n\n# Set the value of this setting to true to log all events, including system usage information\n# and all requests.\n#logging.verbose: false\n\n# Set the interval in milliseconds to sample system and process performance\n# metrics. Minimum is 100ms. Defaults to 5000.\n#ops.interval: 5000\n\n# Specifies locale to be used for all localizable strings, dates and number formats.\n# Supported languages are the following: English - en , by default , Chinese - zh-CN .\n#i18n.locale: \"en\"",
            "template": "# Kibana is served by a back end server. This setting specifies the port to use.\nserver.port: 5601\n\n# Specifies the address to which the Kibana server will bind. IP addresses and host names are both valid values.\n# The default is 'localhost', which usually means remote machines will not be able to connect.\n# To allow connections from remote users, set this parameter to a non-loopback address.\nserver.host: \"0.0.0.0\"\n\n# Enables you to specify a path to mount Kibana at if you are running behind a proxy.\n# Use the `server.rewriteBasePath` setting to tell Kibana if it should remove the basePath\n# from requests it receives, and to prevent a deprecation warning at startup.\n# This setting cannot end in a slash.\n#server.basePath: \"\"\n\n# Specifies whether Kibana should rewrite requests that are prefixed with\n# `server.basePath` or require that they are rewritten by your reverse proxy.\n# This setting was effectively always `false` before Kibana 6.3 and will\n# default to `true` starting in Kibana 7.0.\n#server.rewriteBasePath: false\n\n# The maximum payload size in bytes for incoming server requests.\n#server.maxPayloadBytes: 1048576\n\n# The Kibana server's name.  This is used for display purposes.\nserver.name: \"kibana\"\n\n# The URLs of the Elasticsearch instances to use for all your queries.\nelasticsearch.hosts: [\"http://${elasticsearch}:9200\"]\n\n# When this setting's value is true Kibana uses the hostname specified in the server.host\n# setting. When the value of this setting is false, Kibana uses the hostname of the host\n# that connects to this Kibana instance.\n#elasticsearch.preserveHost: true\n\n# Kibana uses an index in Elasticsearch to store saved searches, visualizations and\n# dashboards. Kibana creates a new index if the index doesn't already exist.\n#kibana.index: \".kibana\"\n\n# The default application to load.\n#kibana.defaultAppId: \"home\"\n\n# If your Elasticsearch is protected with basic authentication, these settings provide\n# the username and password that the Kibana server uses to perform maintenance on the Kibana\n# index at startup. Your Kibana users still need to authenticate with Elasticsearch, which\n# is proxied through the Kibana server.\n#elasticsearch.username: \"kibana\"\n#elasticsearch.password: \"pass\"\n\n# Enables SSL and paths to the PEM-format SSL certificate and SSL key files, respectively.\n# These settings enable SSL for outgoing requests from the Kibana server to the browser.\n#server.ssl.enabled: false\n#server.ssl.certificate: /path/to/your/server.crt\n#server.ssl.key: /path/to/your/server.key\n\n# Optional settings that provide the paths to the PEM-format SSL certificate and key files.\n# These files validate that your Elasticsearch backend uses the same key files.\n#elasticsearch.ssl.certificate: /path/to/your/client.crt\n#elasticsearch.ssl.key: /path/to/your/client.key\n\n# Optional setting that enables you to specify a path to the PEM file for the certificate\n# authority for your Elasticsearch instance.\n#elasticsearch.ssl.certificateAuthorities: [ \"/path/to/your/CA.pem\" ]\n\n# To disregard the validity of SSL certificates, change this setting's value to 'none'.\n#elasticsearch.ssl.verificationMode: full\n\n# Time in milliseconds to wait for Elasticsearch to respond to pings. Defaults to the value of\n# the elasticsearch.requestTimeout setting.\n#elasticsearch.pingTimeout: 1500\n\n# Time in milliseconds to wait for responses from the back end or Elasticsearch. This value\n# must be a positive integer.\n#elasticsearch.requestTimeout: 30000\n\n# List of Kibana client-side headers to send to Elasticsearch. To send *no* client-side\n# headers, set this value to [] (an empty list).\n#elasticsearch.requestHeadersWhitelist: [ authorization ]\n\n# Header names and values that are sent to Elasticsearch. Any custom headers cannot be overwritten\n# by client-side headers, regardless of the elasticsearch.requestHeadersWhitelist configuration.\n#elasticsearch.customHeaders: {}\n\n# Time in milliseconds for Elasticsearch to wait for responses from shards. Set to 0 to disable.\n#elasticsearch.shardTimeout: 30000\n\n# Time in milliseconds to wait for Elasticsearch at Kibana startup before retrying.\n#elasticsearch.startupTimeout: 5000\n\n# Logs queries sent to Elasticsearch. Requires logging.verbose set to true.\n#elasticsearch.logQueries: false\n\n# Specifies the path where Kibana creates the process ID file.\n#pid.file: /var/run/kibana.pid\n\n# Enables you specify a file where Kibana stores log output.\n#logging.dest: stdout\n\n# Set the value of this setting to true to suppress all logging output.\n#logging.silent: false\n\n# Set the value of this setting to true to suppress all logging output other than error messages.\n#logging.quiet: false\n\n# Set the value of this setting to true to log all events, including system usage information\n# and all requests.\n#logging.verbose: false\n\n# Set the interval in milliseconds to sample system and process performance\n# metrics. Minimum is 100ms. Defaults to 5000.\n#ops.interval: 5000\n\n# Specifies locale to be used for all localizable strings, dates and number formats.\n# Supported languages are the following: English - en , by default , Chinese - zh-CN .\n#i18n.locale: \"en\"",
            "vars": {
              "elasticsearch": "54.145.169.190"
            }
          },
          "sensitive_attributes": []
        }
      ]
    },
    {
      "mode": "data",
      "type": "template_file",
      "name": "init_logstash",
      "provider": "provider[\"registry.terraform.io/hashicorp/template\"]",
      "instances": [
        {
          "schema_version": 0,
          "attributes": {
            "filename": null,
            "id": "5be029847c70a8437526839d334eeeda796011f2740817a68e0dec1c6516fe37",
            "rendered": "# Sample Logstash configuration for creating a simple\n# Beats -\u003e Logstash -\u003e Elasticsearch pipeline.\n\ninput {\n  beats {\n    port =\u003e 5044\n  }\n}\n\noutput {\n  elasticsearch {\n    hosts =\u003e [\"http://54.145.169.190:9200\"]\n    index =\u003e \"logstash\"\n  }\n}",
            "template": "# Sample Logstash configuration for creating a simple\n# Beats -\u003e Logstash -\u003e Elasticsearch pipeline.\n\ninput {\n  beats {\n    port =\u003e 5044\n  }\n}\n\noutput {\n  elasticsearch {\n    hosts =\u003e [\"http://${elasticsearch}:9200\"]\n    index =\u003e \"logstash\"\n  }\n}",
            "vars": {
              "elasticsearch": "54.145.169.190"
            }
          },
          "sensitive_attributes": []
        }
      ]
    },
    {
      "mode": "managed",
      "type": "aws_instance",
      "name": "elastic_nodes",
      "provider": "provider[\"registry.terraform.io/hashicorp/aws\"]",
      "instances": [
        {
          "index_key": 0,
          "schema_version": 1,
          "attributes": {
            "ami": "ami-04d29b6f966df1537",
            "arn": "arn:aws:ec2:us-east-1:938611052779:instance/i-020fb671b0f2fb393",
            "associate_public_ip_address": true,
            "availability_zone": "us-east-1a",
            "capacity_reservation_specification": [
              {
                "capacity_reservation_preference": "open",
                "capacity_reservation_target": []
              }
            ],
            "cpu_core_count": 2,
            "cpu_threads_per_core": 1,
            "credit_specification": [
              {
                "cpu_credits": "standard"
              }
            ],
            "disable_api_stop": false,
            "disable_api_termination": false,
            "ebs_block_device": [],
            "ebs_optimized": false,
            "enclave_options": [
              {
                "enabled": false
              }
            ],
            "ephemeral_block_device": [],
            "get_password_data": false,
            "hibernation": false,
            "host_id": null,
            "host_resource_group_arn": null,
            "iam_instance_profile": "",
            "id": "i-020fb671b0f2fb393",
            "instance_initiated_shutdown_behavior": "stop",
            "instance_state": "running",
            "instance_type": "t2.large",
            "ipv6_address_count": 0,
            "ipv6_addresses": [],
            "key_name": "tf-kp",
            "launch_template": [],
            "maintenance_options": [
              {
                "auto_recovery": "default"
              }
            ],
            "metadata_options": [
              {
                "http_endpoint": "enabled",
                "http_put_response_hop_limit": 1,
                "http_tokens": "optional",
                "instance_metadata_tags": "disabled"
              }
            ],
            "monitoring": false,
            "network_interface": [],
            "outpost_arn": "",
            "password_data": "",
            "placement_group": "",
            "placement_partition_number": null,
            "primary_network_interface_id": "eni-012a553f4eb18f71b",
            "private_dns": "ip-172-20-10-240.ec2.internal",
            "private_dns_name_options": [
              {
                "enable_resource_name_dns_a_record": false,
                "enable_resource_name_dns_aaaa_record": false,
                "hostname_type": "ip-name"
              }
            ],
            "private_ip": "172.20.10.240",
            "public_dns": "",
            "public_ip": "54.145.169.190",
            "root_block_device": [
              {
                "delete_on_termination": true,
                "device_name": "/dev/xvda",
                "encrypted": false,
                "iops": 100,
                "kms_key_id": "",
                "tags": {},
                "throughput": 0,
                "volume_id": "vol-0a7ec4302507e9bd9",
                "volume_size": 8,
                "volume_type": "gp2"
              }
            ],
            "secondary_private_ips": [],
            "security_groups": [],
            "source_dest_check": true,
            "subnet_id": "subnet-00e0d47e5331c8d12",
            "tags": {
              "Name": "elasticsearch_0"
            },
            "tags_all": {
              "Name": "elasticsearch_0"
            },
            "tenancy": "default",
            "timeouts": null,
            "user_data": null,
            "user_data_base64": null,
            "user_data_replace_on_change": false,
            "volume_tags": null,
            "vpc_security_group_ids": [
              "sg-066c9643c4bbcc62f"
            ]
          },
          "sensitive_attributes": [],
          "private": "eyJlMmJmYjczMC1lY2FhLTExZTYtOGY4OC0zNDM2M2JjN2M0YzAiOnsiY3JlYXRlIjo2MDAwMDAwMDAwMDAsImRlbGV0ZSI6MTIwMDAwMDAwMDAwMCwidXBkYXRlIjo2MDAwMDAwMDAwMDB9LCJzY2hlbWFfdmVyc2lvbiI6IjEifQ==",
          "dependencies": [
            "aws_security_group.elasticsearch_sg",
            "aws_subnet.elastic_subnet",
            "aws_vpc.elastic_vpc"
          ]
        }
      ]
    },
    {
      "mode": "managed",
      "type": "aws_instance",
      "name": "filebeat",
      "provider": "provider[\"registry.terraform.io/hashicorp/aws\"]",
      "instances": [
        {
          "schema_version": 1,
          "attributes": {
            "ami": "ami-04d29b6f966df1537",
            "arn": "arn:aws:ec2:us-east-1:938611052779:instance/i-0461d9063f7c6cce4",
            "associate_public_ip_address": true,
            "availability_zone": "us-east-1a",
            "capacity_reservation_specification": [
              {
                "capacity_reservation_preference": "open",
                "capacity_reservation_target": []
              }
            ],
            "cpu_core_count": 2,
            "cpu_threads_per_core": 1,
            "credit_specification": [
              {
                "cpu_credits": "standard"
              }
            ],
            "disable_api_stop": false,
            "disable_api_termination": false,
            "ebs_block_device": [],
            "ebs_optimized": false,
            "enclave_options": [
              {
                "enabled": false
              }
            ],
            "ephemeral_block_device": [],
            "get_password_data": false,
            "hibernation": false,
            "host_id": null,
            "host_resource_group_arn": null,
            "iam_instance_profile": "",
            "id": "i-0461d9063f7c6cce4",
            "instance_initiated_shutdown_behavior": "stop",
            "instance_state": "running",
            "instance_type": "t2.large",
            "ipv6_address_count": 0,
            "ipv6_addresses": [],
            "key_name": "tf-kp",
            "launch_template": [],
            "maintenance_options": [
              {
                "auto_recovery": "default"
              }
            ],
            "metadata_options": [
              {
                "http_endpoint": "enabled",
                "http_put_response_hop_limit": 1,
                "http_tokens": "optional",
                "instance_metadata_tags": "disabled"
              }
            ],
            "monitoring": false,
            "network_interface": [],
            "outpost_arn": "",
            "password_data": "",
            "placement_group": "",
            "placement_partition_number": null,
            "primary_network_interface_id": "eni-08a0696beb79b579c",
            "private_dns": "ip-172-20-10-41.ec2.internal",
            "private_dns_name_options": [
              {
                "enable_resource_name_dns_a_record": false,
                "enable_resource_name_dns_aaaa_record": false,
                "hostname_type": "ip-name"
              }
            ],
            "private_ip": "172.20.10.41",
            "public_dns": "",
            "public_ip": "23.22.135.5",
            "root_block_device": [
              {
                "delete_on_termination": true,
                "device_name": "/dev/xvda",
                "encrypted": false,
                "iops": 100,
                "kms_key_id": "",
                "tags": {},
                "throughput": 0,
                "volume_id": "vol-01ee7555d260291c1",
                "volume_size": 8,
                "volume_type": "gp2"
              }
            ],
            "secondary_private_ips": [],
            "security_groups": [],
            "source_dest_check": true,
            "subnet_id": "subnet-00e0d47e5331c8d12",
            "tags": {
              "Name": "filebeat"
            },
            "tags_all": {
              "Name": "filebeat"
            },
            "tenancy": "default",
            "timeouts": null,
            "user_data": null,
            "user_data_base64": null,
            "user_data_replace_on_change": false,
            "volume_tags": null,
            "vpc_security_group_ids": [
              "sg-0bf7a99d099bee78f"
            ]
          },
          "sensitive_attributes": [],
          "private": "eyJlMmJmYjczMC1lY2FhLTExZTYtOGY4OC0zNDM2M2JjN2M0YzAiOnsiY3JlYXRlIjo2MDAwMDAwMDAwMDAsImRlbGV0ZSI6MTIwMDAwMDAwMDAwMCwidXBkYXRlIjo2MDAwMDAwMDAwMDB9LCJzY2hlbWFfdmVyc2lvbiI6IjEifQ==",
          "dependencies": [
            "aws_security_group.filebeat_sg",
            "aws_subnet.elastic_subnet",
            "aws_vpc.elastic_vpc",
            "null_resource.install_logstash"
          ]
        }
      ]
    },
    {
      "mode": "managed",
      "type": "aws_instance",
      "name": "kibana",
      "provider": "provider[\"registry.terraform.io/hashicorp/aws\"]",
      "instances": [
        {
          "schema_version": 1,
          "attributes": {
            "ami": "ami-04d29b6f966df1537",
            "arn": "arn:aws:ec2:us-east-1:938611052779:instance/i-091a4966d5cdfddd1",
            "associate_public_ip_address": true,
            "availability_zone": "us-east-1a",
            "capacity_reservation_specification": [
              {
                "capacity_reservation_preference": "open",
                "capacity_reservation_target": []
              }
            ],
            "cpu_core_count": 2,
            "cpu_threads_per_core": 1,
            "credit_specification": [
              {
                "cpu_credits": "standard"
              }
            ],
            "disable_api_stop": false,
            "disable_api_termination": false,
            "ebs_block_device": [],
            "ebs_optimized": false,
            "enclave_options": [
              {
                "enabled": false
              }
            ],
            "ephemeral_block_device": [],
            "get_password_data": false,
            "hibernation": false,
            "host_id": null,
            "host_resource_group_arn": null,
            "iam_instance_profile": "",
            "id": "i-091a4966d5cdfddd1",
            "instance_initiated_shutdown_behavior": "stop",
            "instance_state": "running",
            "instance_type": "t2.large",
            "ipv6_address_count": 0,
            "ipv6_addresses": [],
            "key_name": "tf-kp",
            "launch_template": [],
            "maintenance_options": [
              {
                "auto_recovery": "default"
              }
            ],
            "metadata_options": [
              {
                "http_endpoint": "enabled",
                "http_put_response_hop_limit": 1,
                "http_tokens": "optional",
                "instance_metadata_tags": "disabled"
              }
            ],
            "monitoring": false,
            "network_interface": [],
            "outpost_arn": "",
            "password_data": "",
            "placement_group": "",
            "placement_partition_number": null,
            "primary_network_interface_id": "eni-0dd5ddf8968582b38",
            "private_dns": "ip-172-20-10-208.ec2.internal",
            "private_dns_name_options": [
              {
                "enable_resource_name_dns_a_record": false,
                "enable_resource_name_dns_aaaa_record": false,
                "hostname_type": "ip-name"
              }
            ],
            "private_ip": "172.20.10.208",
            "public_dns": "",
            "public_ip": "54.145.241.232",
            "root_block_device": [
              {
                "delete_on_termination": true,
                "device_name": "/dev/xvda",
                "encrypted": false,
                "iops": 100,
                "kms_key_id": "",
                "tags": {},
                "throughput": 0,
                "volume_id": "vol-0baa88f27d8c9d0ad",
                "volume_size": 8,
                "volume_type": "gp2"
              }
            ],
            "secondary_private_ips": [],
            "security_groups": [],
            "source_dest_check": true,
            "subnet_id": "subnet-00e0d47e5331c8d12",
            "tags": {
              "Name": "kibana"
            },
            "tags_all": {
              "Name": "kibana"
            },
            "tenancy": "default",
            "timeouts": null,
            "user_data": null,
            "user_data_base64": null,
            "user_data_replace_on_change": false,
            "volume_tags": null,
            "vpc_security_group_ids": [
              "sg-0fed39703873516f9"
            ]
          },
          "sensitive_attributes": [],
          "private": "eyJlMmJmYjczMC1lY2FhLTExZTYtOGY4OC0zNDM2M2JjN2M0YzAiOnsiY3JlYXRlIjo2MDAwMDAwMDAwMDAsImRlbGV0ZSI6MTIwMDAwMDAwMDAwMCwidXBkYXRlIjo2MDAwMDAwMDAwMDB9LCJzY2hlbWFfdmVyc2lvbiI6IjEifQ==",
          "dependencies": [
            "aws_instance.elastic_nodes",
            "aws_security_group.elasticsearch_sg",
            "aws_security_group.kibana_sg",
            "aws_subnet.elastic_subnet",
            "aws_vpc.elastic_vpc",
            "data.template_file.init_elasticsearch",
            "null_resource.move_elasticsearch_file",
            "null_resource.start_es"
          ]
        }
      ]
    },
    {
      "mode": "managed",
      "type": "aws_instance",
      "name": "logstash",
      "provider": "provider[\"registry.terraform.io/hashicorp/aws\"]",
      "instances": [
        {
          "schema_version": 1,
          "attributes": {
            "ami": "ami-04d29b6f966df1537",
            "arn": "arn:aws:ec2:us-east-1:938611052779:instance/i-050d51e56a1af12b0",
            "associate_public_ip_address": true,
            "availability_zone": "us-east-1a",
            "capacity_reservation_specification": [
              {
                "capacity_reservation_preference": "open",
                "capacity_reservation_target": []
              }
            ],
            "cpu_core_count": 2,
            "cpu_threads_per_core": 1,
            "credit_specification": [
              {
                "cpu_credits": "standard"
              }
            ],
            "disable_api_stop": false,
            "disable_api_termination": false,
            "ebs_block_device": [],
            "ebs_optimized": false,
            "enclave_options": [
              {
                "enabled": false
              }
            ],
            "ephemeral_block_device": [],
            "get_password_data": false,
            "hibernation": false,
            "host_id": null,
            "host_resource_group_arn": null,
            "iam_instance_profile": "",
            "id": "i-050d51e56a1af12b0",
            "instance_initiated_shutdown_behavior": "stop",
            "instance_state": "running",
            "instance_type": "t2.large",
            "ipv6_address_count": 0,
            "ipv6_addresses": [],
            "key_name": "tf-kp",
            "launch_template": [],
            "maintenance_options": [
              {
                "auto_recovery": "default"
              }
            ],
            "metadata_options": [
              {
                "http_endpoint": "enabled",
                "http_put_response_hop_limit": 1,
                "http_tokens": "optional",
                "instance_metadata_tags": "disabled"
              }
            ],
            "monitoring": false,
            "network_interface": [],
            "outpost_arn": "",
            "password_data": "",
            "placement_group": "",
            "placement_partition_number": null,
            "primary_network_interface_id": "eni-01ded4275ca9436f4",
            "private_dns": "ip-172-20-10-196.ec2.internal",
            "private_dns_name_options": [
              {
                "enable_resource_name_dns_a_record": false,
                "enable_resource_name_dns_aaaa_record": false,
                "hostname_type": "ip-name"
              }
            ],
            "private_ip": "172.20.10.196",
            "public_dns": "",
            "public_ip": "3.80.99.4",
            "root_block_device": [
              {
                "delete_on_termination": true,
                "device_name": "/dev/xvda",
                "encrypted": false,
                "iops": 100,
                "kms_key_id": "",
                "tags": {},
                "throughput": 0,
                "volume_id": "vol-0cb228521daac65af",
                "volume_size": 8,
                "volume_type": "gp2"
              }
            ],
            "secondary_private_ips": [],
            "security_groups": [],
            "source_dest_check": true,
            "subnet_id": "subnet-00e0d47e5331c8d12",
            "tags": {
              "Name": "logstash"
            },
            "tags_all": {
              "Name": "logstash"
            },
            "tenancy": "default",
            "timeouts": null,
            "user_data": null,
            "user_data_base64": null,
            "user_data_replace_on_change": false,
            "volume_tags": null,
            "vpc_security_group_ids": [
              "sg-0fbdff682c7d6774e"
            ]
          },
          "sensitive_attributes": [],
          "private": "eyJlMmJmYjczMC1lY2FhLTExZTYtOGY4OC0zNDM2M2JjN2M0YzAiOnsiY3JlYXRlIjo2MDAwMDAwMDAwMDAsImRlbGV0ZSI6MTIwMDAwMDAwMDAwMCwidXBkYXRlIjo2MDAwMDAwMDAwMDB9LCJzY2hlbWFfdmVyc2lvbiI6IjEifQ==",
          "dependencies": [
            "aws_instance.elastic_nodes",
            "aws_instance.kibana",
            "aws_security_group.elasticsearch_sg",
            "aws_security_group.kibana_sg",
            "aws_security_group.logstash_sg",
            "aws_subnet.elastic_subnet",
            "aws_vpc.elastic_vpc",
            "data.template_file.init_elasticsearch",
            "null_resource.install_kibana",
            "null_resource.move_elasticsearch_file",
            "null_resource.start_es"
          ]
        }
      ]
    },
    {
      "mode": "managed",
      "type": "aws_internet_gateway",
      "name": "elastic_internet_gateway",
      "provider": "provider[\"registry.terraform.io/hashicorp/aws\"]",
      "instances": [
        {
          "schema_version": 0,
          "attributes": {
            "arn": "arn:aws:ec2:us-east-1:938611052779:internet-gateway/igw-00486c79f0924b943",
            "id": "igw-00486c79f0924b943",
            "owner_id": "938611052779",
            "tags": {
              "Name": "elastic_igw"
            },
            "tags_all": {
              "Name": "elastic_igw"
            },
            "timeouts": null,
            "vpc_id": "vpc-0373d98ed6d80ac8a"
          },
          "sensitive_attributes": [],
          "private": "eyJlMmJmYjczMC1lY2FhLTExZTYtOGY4OC0zNDM2M2JjN2M0YzAiOnsiY3JlYXRlIjoxMjAwMDAwMDAwMDAwLCJkZWxldGUiOjEyMDAwMDAwMDAwMDAsInVwZGF0ZSI6MTIwMDAwMDAwMDAwMH19",
          "dependencies": [
            "aws_vpc.elastic_vpc"
          ]
        }
      ]
    },
    {
      "mode": "managed",
      "type": "aws_main_route_table_association",
      "name": "elastic_rt_main",
      "provider": "provider[\"registry.terraform.io/hashicorp/aws\"]",
      "instances": [
        {
          "schema_version": 0,
          "attributes": {
            "id": "rtbassoc-0ed178ca2e8508f8d",
            "original_route_table_id": "rtb-0f1ca71dc9499575a",
            "route_table_id": "rtb-092976ce7e2902595",
            "vpc_id": "vpc-0373d98ed6d80ac8a"
          },
          "sensitive_attributes": [],
          "private": "bnVsbA==",
          "dependencies": [
            "aws_internet_gateway.elastic_internet_gateway",
            "aws_route_table.elastic_rt",
            "aws_vpc.elastic_vpc"
          ]
        }
      ]
    },
    {
      "mode": "managed",
      "type": "aws_route_table",
      "name": "elastic_rt",
      "provider": "provider[\"registry.terraform.io/hashicorp/aws\"]",
      "instances": [
        {
          "schema_version": 0,
          "attributes": {
            "arn": "arn:aws:ec2:us-east-1:938611052779:route-table/rtb-092976ce7e2902595",
            "id": "rtb-092976ce7e2902595",
            "owner_id": "938611052779",
            "propagating_vgws": [],
            "route": [
              {
                "carrier_gateway_id": "",
                "cidr_block": "0.0.0.0/0",
                "core_network_arn": "",
                "destination_prefix_list_id": "",
                "egress_only_gateway_id": "",
                "gateway_id": "igw-00486c79f0924b943",
                "instance_id": "",
                "ipv6_cidr_block": "",
                "local_gateway_id": "",
                "nat_gateway_id": "",
                "network_interface_id": "",
                "transit_gateway_id": "",
                "vpc_endpoint_id": "",
                "vpc_peering_connection_id": ""
              }
            ],
            "tags": {
              "Name": "elastic_rt"
            },
            "tags_all": {
              "Name": "elastic_rt"
            },
            "timeouts": null,
            "vpc_id": "vpc-0373d98ed6d80ac8a"
          },
          "sensitive_attributes": [],
          "private": "eyJlMmJmYjczMC1lY2FhLTExZTYtOGY4OC0zNDM2M2JjN2M0YzAiOnsiY3JlYXRlIjozMDAwMDAwMDAwMDAsImRlbGV0ZSI6MzAwMDAwMDAwMDAwLCJ1cGRhdGUiOjEyMDAwMDAwMDAwMH19",
          "dependencies": [
            "aws_internet_gateway.elastic_internet_gateway",
            "aws_vpc.elastic_vpc"
          ]
        }
      ]
    },
    {
      "mode": "managed",
      "type": "aws_security_group",
      "name": "elasticsearch_sg",
      "provider": "provider[\"registry.terraform.io/hashicorp/aws\"]",
      "instances": [
        {
          "schema_version": 1,
          "attributes": {
            "arn": "arn:aws:ec2:us-east-1:938611052779:security-group/sg-066c9643c4bbcc62f",
            "description": "Managed by Terraform",
            "egress": [
              {
                "cidr_blocks": [
                  "0.0.0.0/0"
                ],
                "description": "egress rules",
                "from_port": 0,
                "ipv6_cidr_blocks": [],
                "prefix_list_ids": [],
                "protocol": "-1",
                "security_groups": [],
                "self": false,
                "to_port": 0
              }
            ],
            "id": "sg-066c9643c4bbcc62f",
            "ingress": [
              {
                "cidr_blocks": [
                  "0.0.0.0/0"
                ],
                "description": "ingress rules",
                "from_port": 22,
                "ipv6_cidr_blocks": [],
                "prefix_list_ids": [],
                "protocol": "tcp",
                "security_groups": [],
                "self": false,
                "to_port": 22
              },
              {
                "cidr_blocks": [
                  "0.0.0.0/0"
                ],
                "description": "ingress rules",
                "from_port": 9200,
                "ipv6_cidr_blocks": [],
                "prefix_list_ids": [],
                "protocol": "tcp",
                "security_groups": [],
                "self": false,
                "to_port": 9300
              }
            ],
            "name": "terraform-20221230051025766800000002",
            "name_prefix": "terraform-",
            "owner_id": "938611052779",
            "revoke_rules_on_delete": false,
            "tags": {
              "Name": "elasticsearch_sg"
            },
            "tags_all": {
              "Name": "elasticsearch_sg"
            },
            "timeouts": null,
            "vpc_id": "vpc-0373d98ed6d80ac8a"
          },
          "sensitive_attributes": [],
          "private": "eyJlMmJmYjczMC1lY2FhLTExZTYtOGY4OC0zNDM2M2JjN2M0YzAiOnsiY3JlYXRlIjo2MDAwMDAwMDAwMDAsImRlbGV0ZSI6OTAwMDAwMDAwMDAwfSwic2NoZW1hX3ZlcnNpb24iOiIxIn0=",
          "dependencies": [
            "aws_vpc.elastic_vpc"
          ]
        }
      ]
    },
    {
      "mode": "managed",
      "type": "aws_security_group",
      "name": "filebeat_sg",
      "provider": "provider[\"registry.terraform.io/hashicorp/aws\"]",
      "instances": [
        {
          "schema_version": 1,
          "attributes": {
            "arn": "arn:aws:ec2:us-east-1:938611052779:security-group/sg-0bf7a99d099bee78f",
            "description": "Managed by Terraform",
            "egress": [
              {
                "cidr_blocks": [
                  "0.0.0.0/0"
                ],
                "description": "egress rules",
                "from_port": 0,
                "ipv6_cidr_blocks": [],
                "prefix_list_ids": [],
                "protocol": "-1",
                "security_groups": [],
                "self": false,
                "to_port": 0
              }
            ],
            "id": "sg-0bf7a99d099bee78f",
            "ingress": [
              {
                "cidr_blocks": [
                  "0.0.0.0/0"
                ],
                "description": "ingress rules",
                "from_port": 22,
                "ipv6_cidr_blocks": [],
                "prefix_list_ids": [],
                "protocol": "tcp",
                "security_groups": [],
                "self": false,
                "to_port": 22
              }
            ],
            "name": "terraform-20221230062709384600000001",
            "name_prefix": "terraform-",
            "owner_id": "938611052779",
            "revoke_rules_on_delete": false,
            "tags": {
              "Name": "filebeat_sg"
            },
            "tags_all": {
              "Name": "filebeat_sg"
            },
            "timeouts": null,
            "vpc_id": "vpc-0373d98ed6d80ac8a"
          },
          "sensitive_attributes": [],
          "private": "eyJlMmJmYjczMC1lY2FhLTExZTYtOGY4OC0zNDM2M2JjN2M0YzAiOnsiY3JlYXRlIjo2MDAwMDAwMDAwMDAsImRlbGV0ZSI6OTAwMDAwMDAwMDAwfSwic2NoZW1hX3ZlcnNpb24iOiIxIn0=",
          "dependencies": [
            "aws_vpc.elastic_vpc"
          ]
        }
      ]
    },
    {
      "mode": "managed",
      "type": "aws_security_group",
      "name": "kibana_sg",
      "provider": "provider[\"registry.terraform.io/hashicorp/aws\"]",
      "instances": [
        {
          "schema_version": 1,
          "attributes": {
            "arn": "arn:aws:ec2:us-east-1:938611052779:security-group/sg-0fed39703873516f9",
            "description": "Managed by Terraform",
            "egress": [
              {
                "cidr_blocks": [
                  "0.0.0.0/0"
                ],
                "description": "egress rules",
                "from_port": 0,
                "ipv6_cidr_blocks": [],
                "prefix_list_ids": [],
                "protocol": "-1",
                "security_groups": [],
                "self": false,
                "to_port": 0
              }
            ],
            "id": "sg-0fed39703873516f9",
            "ingress": [
              {
                "cidr_blocks": [
                  "0.0.0.0/0"
                ],
                "description": "ingress rules",
                "from_port": 22,
                "ipv6_cidr_blocks": [],
                "prefix_list_ids": [],
                "protocol": "tcp",
                "security_groups": [],
                "self": false,
                "to_port": 22
              },
              {
                "cidr_blocks": [
                  "0.0.0.0/0"
                ],
                "description": "ingress rules",
                "from_port": 5601,
                "ipv6_cidr_blocks": [],
                "prefix_list_ids": [],
                "protocol": "tcp",
                "security_groups": [],
                "self": false,
                "to_port": 5601
              }
            ],
            "name": "terraform-20221230051025758700000001",
            "name_prefix": "terraform-",
            "owner_id": "938611052779",
            "revoke_rules_on_delete": false,
            "tags": {
              "Name": "kibana_sg"
            },
            "tags_all": {
              "Name": "kibana_sg"
            },
            "timeouts": null,
            "vpc_id": "vpc-0373d98ed6d80ac8a"
          },
          "sensitive_attributes": [],
          "private": "eyJlMmJmYjczMC1lY2FhLTExZTYtOGY4OC0zNDM2M2JjN2M0YzAiOnsiY3JlYXRlIjo2MDAwMDAwMDAwMDAsImRlbGV0ZSI6OTAwMDAwMDAwMDAwfSwic2NoZW1hX3ZlcnNpb24iOiIxIn0=",
          "dependencies": [
            "aws_vpc.elastic_vpc"
          ]
        }
      ]
    },
    {
      "mode": "managed",
      "type": "aws_security_group",
      "name": "logstash_sg",
      "provider": "provider[\"registry.terraform.io/hashicorp/aws\"]",
      "instances": [
        {
          "schema_version": 1,
          "attributes": {
            "arn": "arn:aws:ec2:us-east-1:938611052779:security-group/sg-0fbdff682c7d6774e",
            "description": "Managed by Terraform",
            "egress": [
              {
                "cidr_blocks": [
                  "0.0.0.0/0"
                ],
                "description": "egress rules",
                "from_port": 0,
                "ipv6_cidr_blocks": [],
                "prefix_list_ids": [],
                "protocol": "-1",
                "security_groups": [],
                "self": false,
                "to_port": 0
              }
            ],
            "id": "sg-0fbdff682c7d6774e",
            "ingress": [
              {
                "cidr_blocks": [
                  "0.0.0.0/0"
                ],
                "description": "ingress rules",
                "from_port": 22,
                "ipv6_cidr_blocks": [],
                "prefix_list_ids": [],
                "protocol": "tcp",
                "security_groups": [],
                "self": false,
                "to_port": 22
              },
              {
                "cidr_blocks": [
                  "0.0.0.0/0"
                ],
                "description": "ingress rules",
                "from_port": 5044,
                "ipv6_cidr_blocks": [],
                "prefix_list_ids": [],
                "protocol": "tcp",
                "security_groups": [],
                "self": false,
                "to_port": 5044
              }
            ],
            "name": "terraform-20221230051025771600000003",
            "name_prefix": "terraform-",
            "owner_id": "938611052779",
            "revoke_rules_on_delete": false,
            "tags": {
              "Name": "logstash_sg"
            },
            "tags_all": {
              "Name": "logstash_sg"
            },
            "timeouts": null,
            "vpc_id": "vpc-0373d98ed6d80ac8a"
          },
          "sensitive_attributes": [],
          "private": "eyJlMmJmYjczMC1lY2FhLTExZTYtOGY4OC0zNDM2M2JjN2M0YzAiOnsiY3JlYXRlIjo2MDAwMDAwMDAwMDAsImRlbGV0ZSI6OTAwMDAwMDAwMDAwfSwic2NoZW1hX3ZlcnNpb24iOiIxIn0=",
          "dependencies": [
            "aws_vpc.elastic_vpc"
          ]
        }
      ]
    },
    {
      "mode": "managed",
      "type": "aws_subnet",
      "name": "elastic_subnet",
      "provider": "provider[\"registry.terraform.io/hashicorp/aws\"]",
      "instances": [
        {
          "index_key": "us-east-1a",
          "schema_version": 1,
          "attributes": {
            "arn": "arn:aws:ec2:us-east-1:938611052779:subnet/subnet-00e0d47e5331c8d12",
            "assign_ipv6_address_on_creation": false,
            "availability_zone": "us-east-1a",
            "availability_zone_id": "use1-az4",
            "cidr_block": "172.20.10.0/24",
            "customer_owned_ipv4_pool": "",
            "enable_dns64": false,
            "enable_resource_name_dns_a_record_on_launch": false,
            "enable_resource_name_dns_aaaa_record_on_launch": false,
            "id": "subnet-00e0d47e5331c8d12",
            "ipv6_cidr_block": "",
            "ipv6_cidr_block_association_id": "",
            "ipv6_native": false,
            "map_customer_owned_ip_on_launch": false,
            "map_public_ip_on_launch": false,
            "outpost_arn": "",
            "owner_id": "938611052779",
            "private_dns_hostname_type_on_launch": "ip-name",
            "tags": {
              "Name": "elastic_subnet_us-east-1a"
            },
            "tags_all": {
              "Name": "elastic_subnet_us-east-1a"
            },
            "timeouts": null,
            "vpc_id": "vpc-0373d98ed6d80ac8a"
          },
          "sensitive_attributes": [],
          "private": "eyJlMmJmYjczMC1lY2FhLTExZTYtOGY4OC0zNDM2M2JjN2M0YzAiOnsiY3JlYXRlIjo2MDAwMDAwMDAwMDAsImRlbGV0ZSI6MTIwMDAwMDAwMDAwMH0sInNjaGVtYV92ZXJzaW9uIjoiMSJ9",
          "dependencies": [
            "aws_vpc.elastic_vpc"
          ]
        },
        {
          "index_key": "us-east-1b",
          "schema_version": 1,
          "attributes": {
            "arn": "arn:aws:ec2:us-east-1:938611052779:subnet/subnet-08aa25ebf2effe211",
            "assign_ipv6_address_on_creation": false,
            "availability_zone": "us-east-1b",
            "availability_zone_id": "use1-az6",
            "cidr_block": "172.20.20.0/24",
            "customer_owned_ipv4_pool": "",
            "enable_dns64": false,
            "enable_resource_name_dns_a_record_on_launch": false,
            "enable_resource_name_dns_aaaa_record_on_launch": false,
            "id": "subnet-08aa25ebf2effe211",
            "ipv6_cidr_block": "",
            "ipv6_cidr_block_association_id": "",
            "ipv6_native": false,
            "map_customer_owned_ip_on_launch": false,
            "map_public_ip_on_launch": false,
            "outpost_arn": "",
            "owner_id": "938611052779",
            "private_dns_hostname_type_on_launch": "ip-name",
            "tags": {
              "Name": "elastic_subnet_us-east-1b"
            },
            "tags_all": {
              "Name": "elastic_subnet_us-east-1b"
            },
            "timeouts": null,
            "vpc_id": "vpc-0373d98ed6d80ac8a"
          },
          "sensitive_attributes": [],
          "private": "eyJlMmJmYjczMC1lY2FhLTExZTYtOGY4OC0zNDM2M2JjN2M0YzAiOnsiY3JlYXRlIjo2MDAwMDAwMDAwMDAsImRlbGV0ZSI6MTIwMDAwMDAwMDAwMH0sInNjaGVtYV92ZXJzaW9uIjoiMSJ9",
          "dependencies": [
            "aws_vpc.elastic_vpc"
          ]
        }
      ]
    },
    {
      "mode": "managed",
      "type": "aws_vpc",
      "name": "elastic_vpc",
      "provider": "provider[\"registry.terraform.io/hashicorp/aws\"]",
      "instances": [
        {
          "schema_version": 1,
          "attributes": {
            "arn": "arn:aws:ec2:us-east-1:938611052779:vpc/vpc-0373d98ed6d80ac8a",
            "assign_generated_ipv6_cidr_block": false,
            "cidr_block": "172.20.0.0/16",
            "default_network_acl_id": "acl-0d4fbfd481834df61",
            "default_route_table_id": "rtb-092976ce7e2902595",
            "default_security_group_id": "sg-01c042745bcd373c1",
            "dhcp_options_id": "dopt-016aecbf0f42042a7",
            "enable_classiclink": false,
            "enable_classiclink_dns_support": false,
            "enable_dns_hostnames": false,
            "enable_dns_support": true,
            "enable_network_address_usage_metrics": false,
            "id": "vpc-0373d98ed6d80ac8a",
            "instance_tenancy": "default",
            "ipv4_ipam_pool_id": null,
            "ipv4_netmask_length": null,
            "ipv6_association_id": "",
            "ipv6_cidr_block": "",
            "ipv6_cidr_block_network_border_group": "",
            "ipv6_ipam_pool_id": "",
            "ipv6_netmask_length": 0,
            "main_route_table_id": "rtb-092976ce7e2902595",
            "owner_id": "938611052779",
            "tags": {
              "Name": "elastic_vpc"
            },
            "tags_all": {
              "Name": "elastic_vpc"
            }
          },
          "sensitive_attributes": [],
          "private": "eyJzY2hlbWFfdmVyc2lvbiI6IjEifQ=="
        }
      ]
    },
    {
      "mode": "managed",
      "type": "null_resource",
      "name": "install_filebeat",
      "provider": "provider[\"registry.terraform.io/hashicorp/null\"]",
      "instances": [
        {
          "schema_version": 0,
          "attributes": {
            "id": "3746830331988332461",
            "triggers": null
          },
          "sensitive_attributes": [],
          "dependencies": [
            "aws_instance.filebeat",
            "aws_instance.kibana",
            "aws_instance.logstash",
            "aws_security_group.filebeat_sg",
            "aws_subnet.elastic_subnet",
            "aws_vpc.elastic_vpc",
            "null_resource.install_logstash",
            "null_resource.move_filebeat_file"
          ]
        }
      ]
    },
    {
      "mode": "managed",
      "type": "null_resource",
      "name": "install_kibana",
      "provider": "provider[\"registry.terraform.io/hashicorp/null\"]",
      "instances": [
        {
          "schema_version": 0,
          "attributes": {
            "id": "4511458695767480578",
            "triggers": null
          },
          "sensitive_attributes": [],
          "dependencies": [
            "aws_instance.elastic_nodes",
            "aws_instance.kibana",
            "aws_security_group.elasticsearch_sg",
            "aws_security_group.kibana_sg",
            "aws_subnet.elastic_subnet",
            "aws_vpc.elastic_vpc",
            "data.template_file.init_elasticsearch",
            "null_resource.move_elasticsearch_file",
            "null_resource.start_es"
          ]
        }
      ]
    },
    {
      "mode": "managed",
      "type": "null_resource",
      "name": "install_logstash",
      "provider": "provider[\"registry.terraform.io/hashicorp/null\"]",
      "instances": [
        {
          "schema_version": 0,
          "attributes": {
            "id": "412430514795484519",
            "triggers": null
          },
          "sensitive_attributes": [],
          "dependencies": [
            "aws_instance.elastic_nodes",
            "aws_instance.kibana",
            "aws_instance.logstash",
            "aws_security_group.elasticsearch_sg",
            "aws_security_group.kibana_sg",
            "aws_security_group.logstash_sg",
            "aws_subnet.elastic_subnet",
            "aws_vpc.elastic_vpc",
            "data.template_file.init_elasticsearch",
            "null_resource.install_kibana",
            "null_resource.move_elasticsearch_file",
            "null_resource.start_es"
          ]
        }
      ]
    },
    {
      "mode": "managed",
      "type": "null_resource",
      "name": "move_elasticsearch_file",
      "provider": "provider[\"registry.terraform.io/hashicorp/null\"]",
      "instances": [
        {
          "index_key": 0,
          "schema_version": 0,
          "attributes": {
            "id": "7501347108625146297",
            "triggers": null
          },
          "sensitive_attributes": [],
          "dependencies": [
            "aws_instance.elastic_nodes",
            "aws_security_group.elasticsearch_sg",
            "aws_subnet.elastic_subnet",
            "aws_vpc.elastic_vpc",
            "data.template_file.init_elasticsearch"
          ]
        }
      ]
    },
    {
      "mode": "managed",
      "type": "null_resource",
      "name": "move_filebeat_file",
      "provider": "provider[\"registry.terraform.io/hashicorp/null\"]",
      "instances": [
        {
          "schema_version": 0,
          "attributes": {
            "id": "2393460474949696017",
            "triggers": null
          },
          "sensitive_attributes": [],
          "dependencies": [
            "aws_instance.filebeat",
            "aws_security_group.filebeat_sg",
            "aws_subnet.elastic_subnet",
            "aws_vpc.elastic_vpc",
            "null_resource.install_logstash"
          ]
        }
      ]
    },
    {
      "mode": "managed",
      "type": "null_resource",
      "name": "move_kibana_file",
      "provider": "provider[\"registry.terraform.io/hashicorp/null\"]",
      "instances": [
        {
          "schema_version": 0,
          "attributes": {
            "id": "1983458954717196635",
            "triggers": null
          },
          "sensitive_attributes": [],
          "dependencies": [
            "aws_instance.elastic_nodes",
            "aws_instance.kibana",
            "aws_security_group.elasticsearch_sg",
            "aws_security_group.kibana_sg",
            "aws_subnet.elastic_subnet",
            "aws_vpc.elastic_vpc",
            "data.template_file.init_elasticsearch",
            "data.template_file.init_kibana",
            "null_resource.move_elasticsearch_file",
            "null_resource.start_es"
          ]
        }
      ]
    },
    {
      "mode": "managed",
      "type": "null_resource",
      "name": "move_logstash_file",
      "provider": "provider[\"registry.terraform.io/hashicorp/null\"]",
      "instances": [
        {
          "schema_version": 0,
          "attributes": {
            "id": "7931157418868269654",
            "triggers": null
          },
          "sensitive_attributes": [],
          "dependencies": [
            "aws_instance.elastic_nodes",
            "aws_instance.kibana",
            "aws_instance.logstash",
            "aws_security_group.elasticsearch_sg",
            "aws_security_group.kibana_sg",
            "aws_security_group.logstash_sg",
            "aws_subnet.elastic_subnet",
            "aws_vpc.elastic_vpc",
            "data.template_file.init_elasticsearch",
            "data.template_file.init_logstash",
            "null_resource.install_kibana",
            "null_resource.move_elasticsearch_file",
            "null_resource.start_es"
          ]
        }
      ]
    },
    {
      "mode": "managed",
      "type": "null_resource",
      "name": "start_es",
      "provider": "provider[\"registry.terraform.io/hashicorp/null\"]",
      "instances": [
        {
          "index_key": 0,
          "schema_version": 0,
          "attributes": {
            "id": "6074425468280518733",
            "triggers": null
          },
          "sensitive_attributes": [],
          "dependencies": [
            "aws_instance.elastic_nodes",
            "aws_security_group.elasticsearch_sg",
            "aws_subnet.elastic_subnet",
            "aws_vpc.elastic_vpc",
            "data.template_file.init_elasticsearch",
            "null_resource.move_elasticsearch_file"
          ]
        }
      ]
    }
  ],
  "check_results": null
}
